
Microsoft Visual Studio Solution File, Format Version 12.00
# Visual Studio Version 17
VisualStudioVersion = 17.7.34031.279
MinimumVisualStudioVersion = 10.0.40219.1
Project("{FAE04EC0-301F-11D3-BF4B-00C04F79EFBC}") = "ShoppingCartUI", "ShoppingCartUI\ShoppingCartUI.csproj", "{35A6DF1A-692A-4BCE-AA03-84035D497FC9}"
EndProject
Global
	GlobalSection(SolutionConfigurationPlatforms) = preSolution
		Debug|Any CPU = Debug|Any CPU
		Release|Any CPU = Release|Any CPU
	EndGlobalSection
	GlobalSection(ProjectConfigurationPlatforms) = postSolution
		{35A6DF1A-692A-4BCE-AA03-84035D497FC9}.Debug|Any CPU.ActiveCfg = Debug|Any CPU
		{35A6DF1A-692A-4BCE-AA03-84035D497FC9}.Debug|Any CPU.Build.0 = Debug|Any CPU
		{35A6DF1A-692A-4BCE-AA03-84035D497FC9}.Release|Any CPU.ActiveCfg = Release|Any CPU
		{35A6DF1A-692A-4BCE-AA03-84035D497FC9}.Release|Any CPU.Build.0 = Release|Any CPU
	EndGlobalSection
	GlobalSection(SolutionProperties) = preSolution
		HideSolutionNode = FALSE
	EndGlobalSection
	GlobalSection(ExtensibilityGlobals) = postSolution
		SolutionGuid = {764E586D-07C7-406C-96A1-99D044C3E4ED}
	EndGlobalSection
EndGlobal
